# This file is automatically @generated by Cargo.
# It is not intended for manual editing.
[[package]]
name = "ci_info"
version = "0.4.0"
source = "registry+https://github.com/rust-lang/crates.io-index"

[[package]]
name = "getopts"
version = "0.2.18"
source = "registry+https://github.com/rust-lang/crates.io-index"
dependencies = [
 "unicode-width 0.1.5 (registry+https://github.com/rust-lang/crates.io-index)",
]

[[package]]
name = "rusty-hook"
version = "0.6.5"
dependencies = [
 "ci_info 0.4.0 (registry+https://github.com/rust-lang/crates.io-index)",
 "getopts 0.2.18 (registry+https://github.com/rust-lang/crates.io-index)",
 "toml 0.5.0 (registry+https://github.com/rust-lang/crates.io-index)",
]

[[package]]
name = "serde"
version = "1.0.85"
source = "registry+https://github.com/rust-lang/crates.io-index"

[[package]]
name = "toml"
version = "0.5.0"
source = "registry+https://github.com/rust-lang/crates.io-index"
dependencies = [
 "serde 1.0.85 (registry+https://github.com/rust-lang/crates.io-index)",
]

[[package]]
name = "unicode-width"
version = "0.1.5"
source = "registry+https://github.com/rust-lang/crates.io-index"

[metadata]
"checksum ci_info 0.4.0 (registry+https://github.com/rust-lang/crates.io-index)" = "dfcf68347ec0a46073779c85ed8c9ff90b70bbf9cc73a10f80f6e0b7bb66b032"
"checksum getopts 0.2.18 (registry+https://github.com/rust-lang/crates.io-index)" = "0a7292d30132fb5424b354f5dc02512a86e4c516fe544bb7a25e7f266951b797"
"checksum serde 1.0.85 (registry+https://github.com/rust-lang/crates.io-index)" = "534b8b91a95e0f71bca3ed5824752d558da048d4248c91af873b63bd60519752"
"checksum toml 0.5.0 (registry+https://github.com/rust-lang/crates.io-index)" = "87c5890a989fa47ecdc7bcb4c63a77a82c18f306714104b1decfd722db17b39e"
"checksum unicode-width 0.1.5 (registry+https://github.com/rust-lang/crates.io-index)" = "882386231c45df4700b275c7ff55b6f3698780a650026380e72dabe76fa46526"
