# This file is automatically @generated by Cargo.
# It is not intended for manual editing.
[[package]]
name = "ci_info"
version = "0.8.0"
source = "registry+https://github.com/rust-lang/crates.io-index"
dependencies = [
 "envmnt 0.6.0 (registry+https://github.com/rust-lang/crates.io-index)",
]

[[package]]
name = "envmnt"
version = "0.6.0"
source = "registry+https://github.com/rust-lang/crates.io-index"
dependencies = [
 "indexmap 1.0.2 (registry+https://github.com/rust-lang/crates.io-index)",
]

[[package]]
name = "getopts"
version = "0.2.19"
source = "registry+https://github.com/rust-lang/crates.io-index"
dependencies = [
 "unicode-width 0.1.5 (registry+https://github.com/rust-lang/crates.io-index)",
]

[[package]]
name = "indexmap"
version = "1.0.2"
source = "registry+https://github.com/rust-lang/crates.io-index"

[[package]]
name = "rusty-hook"
version = "0.9.3"
dependencies = [
 "ci_info 0.8.0 (registry+https://github.com/rust-lang/crates.io-index)",
 "getopts 0.2.19 (registry+https://github.com/rust-lang/crates.io-index)",
 "toml 0.5.2 (registry+https://github.com/rust-lang/crates.io-index)",
]

[[package]]
name = "serde"
version = "1.0.98"
source = "registry+https://github.com/rust-lang/crates.io-index"

[[package]]
name = "toml"
version = "0.5.2"
source = "registry+https://github.com/rust-lang/crates.io-index"
dependencies = [
 "serde 1.0.98 (registry+https://github.com/rust-lang/crates.io-index)",
]

[[package]]
name = "unicode-width"
version = "0.1.5"
source = "registry+https://github.com/rust-lang/crates.io-index"

[metadata]
"checksum ci_info 0.8.0 (registry+https://github.com/rust-lang/crates.io-index)" = "2de1a4d98f3090bfe1d4cb7cf45af58f181da709b5050300a93055b0ae2a9be5"
"checksum envmnt 0.6.0 (registry+https://github.com/rust-lang/crates.io-index)" = "d4bb00f062cd05ad863c6d46b6c672b1c29113c7f15a59bbbf7ea594eec0f38b"
"checksum getopts 0.2.19 (registry+https://github.com/rust-lang/crates.io-index)" = "72327b15c228bfe31f1390f93dd5e9279587f0463836393c9df719ce62a3e450"
"checksum indexmap 1.0.2 (registry+https://github.com/rust-lang/crates.io-index)" = "7e81a7c05f79578dbc15793d8b619db9ba32b4577003ef3af1a91c416798c58d"
"checksum serde 1.0.98 (registry+https://github.com/rust-lang/crates.io-index)" = "7fe5626ac617da2f2d9c48af5515a21d5a480dbd151e01bb1c355e26a3e68113"
"checksum toml 0.5.2 (registry+https://github.com/rust-lang/crates.io-index)" = "a54ae44b0b2c443e7ef6dd3be16a776bae4daa40684f81e15126bc04e7747308"
"checksum unicode-width 0.1.5 (registry+https://github.com/rust-lang/crates.io-index)" = "882386231c45df4700b275c7ff55b6f3698780a650026380e72dabe76fa46526"
